// !$*UTF8*$!
{
	archiveVersion = 1;
	classes = {
	};
	objectVersion = 56;
	objects = {

/* Begin PBXBuildFile section */
		D98AB1DF2B10B778008327DE /* AlgorithimsTests.swift in Sources */ = {isa = PBXBuildFile; fileRef = D98AB1DE2B10B778008327DE /* AlgorithimsTests.swift */; };
		D98AB1E42B10B869008327DE /* utility.swift in Sources */ = {isa = PBXBuildFile; fileRef = F02B57C32B10B1BB00C0EFB9 /* utility.swift */; };
		F02B57BD2B10B18700C0EFB9 /* main.swift in Sources */ = {isa = PBXBuildFile; fileRef = F02B57BC2B10B18700C0EFB9 /* main.swift */; };
		F02B57C42B10B1BB00C0EFB9 /* utility.swift in Sources */ = {isa = PBXBuildFile; fileRef = F02B57C32B10B1BB00C0EFB9 /* utility.swift */; };
/* End PBXBuildFile section */

/* Begin PBXCopyFilesBuildPhase section */
		F02B57B72B10B18700C0EFB9 /* CopyFiles */ = {
			isa = PBXCopyFilesBuildPhase;
			buildActionMask = 2147483647;
			dstPath = /usr/share/man/man1/;
			dstSubfolderSpec = 0;
			files = (
			);
			runOnlyForDeploymentPostprocessing = 1;
		};
/* End PBXCopyFilesBuildPhase section */

/* Begin PBXFileReference section */
		D98AB1DC2B10B778008327DE /* AlgorithimsTests.xctest */ = {isa = PBXFileReference; explicitFileType = wrapper.cfbundle; includeInIndex = 0; path = AlgorithimsTests.xctest; sourceTree = BUILT_PRODUCTS_DIR; };
		D98AB1DE2B10B778008327DE /* AlgorithimsTests.swift */ = {isa = PBXFileReference; lastKnownFileType = sourcecode.swift; path = AlgorithimsTests.swift; sourceTree = "<group>"; };
		F02B57B92B10B18700C0EFB9 /* Algorithims */ = {isa = PBXFileReference; explicitFileType = "compiled.mach-o.executable"; includeInIndex = 0; path = Algorithims; sourceTree = BUILT_PRODUCTS_DIR; };
		F02B57BC2B10B18700C0EFB9 /* main.swift */ = {isa = PBXFileReference; lastKnownFileType = sourcecode.swift; path = main.swift; sourceTree = "<group>"; };
		F02B57C32B10B1BB00C0EFB9 /* utility.swift */ = {isa = PBXFileReference; lastKnownFileType = sourcecode.swift; path = utility.swift; sourceTree = "<group>"; };
/* End PBXFileReference section */

/* Begin PBXFrameworksBuildPhase section */
		D98AB1D92B10B778008327DE /* Frameworks */ = {
			isa = PBXFrameworksBuildPhase;
			buildActionMask = 2147483647;
			files = (
			);
			runOnlyForDeploymentPostprocessing = 0;
		};
		F02B57B62B10B18700C0EFB9 /* Frameworks */ = {
			isa = PBXFrameworksBuildPhase;
			buildActionMask = 2147483647;
			files = (
			);
			runOnlyForDeploymentPostprocessing = 0;
		};
/* End PBXFrameworksBuildPhase section */

/* Begin PBXGroup section */
		D98AB1DD2B10B778008327DE /* AlgorithimsTests */ = {
			isa = PBXGroup;
			children = (
				D98AB1DE2B10B778008327DE /* AlgorithimsTests.swift */,
			);
			path = AlgorithimsTests;
			sourceTree = "<group>";
		};
		F02B57B02B10B18700C0EFB9 = {
			isa = PBXGroup;
			children = (
				F02B57BB2B10B18700C0EFB9 /* Algorithims */,
				D98AB1DD2B10B778008327DE /* AlgorithimsTests */,
				F02B57BA2B10B18700C0EFB9 /* Products */,
			);
			sourceTree = "<group>";
		};
		F02B57BA2B10B18700C0EFB9 /* Products */ = {
			isa = PBXGroup;
			children = (
				F02B57B92B10B18700C0EFB9 /* Algorithims */,
				D98AB1DC2B10B778008327DE /* AlgorithimsTests.xctest */,
			);
			name = Products;
			sourceTree = "<group>";
		};
		F02B57BB2B10B18700C0EFB9 /* Algorithims */ = {
			isa = PBXGroup;
			children = (
				F02B57BC2B10B18700C0EFB9 /* main.swift */,
				F02B57C32B10B1BB00C0EFB9 /* utility.swift */,
			);
			path = Algorithims;
			sourceTree = "<group>";
		};
/* End PBXGroup section */

/* Begin PBXNativeTarget section */
		D98AB1DB2B10B778008327DE /* AlgorithimsTests */ = {
			isa = PBXNativeTarget;
			buildConfigurationList = D98AB1E02B10B778008327DE /* Build configuration list for PBXNativeTarget "AlgorithimsTests" */;
			buildPhases = (
				D98AB1D82B10B778008327DE /* Sources */,
				D98AB1D92B10B778008327DE /* Frameworks */,
				D98AB1DA2B10B778008327DE /* Resources */,
			);
			buildRules = (
			);
			dependencies = (
			);
			name = AlgorithimsTests;
			productName = AlgorithimsTests;
			productReference = D98AB1DC2B10B778008327DE /* AlgorithimsTests.xctest */;
			productType = "com.apple.product-type.bundle.unit-test";
		};
		F02B57B82B10B18700C0EFB9 /* Algorithims */ = {
			isa = PBXNativeTarget;
			buildConfigurationList = F02B57C02B10B18700C0EFB9 /* Build configuration list for PBXNativeTarget "Algorithims" */;
			buildPhases = (
				F02B57B52B10B18700C0EFB9 /* Sources */,
				F02B57B62B10B18700C0EFB9 /* Frameworks */,
				F02B57B72B10B18700C0EFB9 /* CopyFiles */,
			);
			buildRules = (
			);
			dependencies = (
			);
			name = Algorithims;
			productName = Algorithims;
			productReference = F02B57B92B10B18700C0EFB9 /* Algorithims */;
			productType = "com.apple.product-type.tool";
		};
/* End PBXNativeTarget section */

/* Begin PBXProject section */
		F02B57B12B10B18700C0EFB9 /* Project object */ = {
			isa = PBXProject;
			attributes = {
				BuildIndependentTargetsInParallel = 1;
				LastSwiftUpdateCheck = 1430;
				LastUpgradeCheck = 1500;
				TargetAttributes = {
					D98AB1DB2B10B778008327DE = {
						CreatedOnToolsVersion = 14.3.1;
					};
					F02B57B82B10B18700C0EFB9 = {
						CreatedOnToolsVersion = 15.0.1;
					};
				};
			};
			buildConfigurationList = F02B57B42B10B18700C0EFB9 /* Build configuration list for PBXProject "Algorithims" */;
			compatibilityVersion = "Xcode 14.0";
			developmentRegion = en;
			hasScannedForEncodings = 0;
			knownRegions = (
				en,
				Base,
			);
			mainGroup = F02B57B02B10B18700C0EFB9;
			productRefGroup = F02B57BA2B10B18700C0EFB9 /* Products */;
			projectDirPath = "";
			projectRoot = "";
			targets = (
				F02B57B82B10B18700C0EFB9 /* Algorithims */,
				D98AB1DB2B10B778008327DE /* AlgorithimsTests */,
			);
		};
/* End PBXProject section */

/* Begin PBXResourcesBuildPhase section */
		D98AB1DA2B10B778008327DE /* Resources */ = {
			isa = PBXResourcesBuildPhase;
			buildActionMask = 2147483647;
			files = (
			);
			runOnlyForDeploymentPostprocessing = 0;
		};
/* End PBXResourcesBuildPhase section */

/* Begin PBXSourcesBuildPhase section */
		D98AB1D82B10B778008327DE /* Sources */ = {
			isa = PBXSourcesBuildPhase;
			buildActionMask = 2147483647;
			files = (
				D98AB1E42B10B869008327DE /* utility.swift in Sources */,
				D98AB1DF2B10B778008327DE /* AlgorithimsTests.swift in Sources */,
			);
			runOnlyForDeploymentPostprocessing = 0;
		};
		F02B57B52B10B18700C0EFB9 /* Sources */ = {
			isa = PBXSourcesBuildPhase;
			buildActionMask = 2147483647;
			files = (
				F02B57C42B10B1BB00C0EFB9 /* utility.swift in Sources */,
				F02B57BD2B10B18700C0EFB9 /* main.swift in Sources */,
			);
			runOnlyForDeploymentPostprocessing = 0;
		};
/* End PBXSourcesBuildPhase section */

/* Begin XCBuildConfiguration section */
		D98AB1E12B10B778008327DE /* Debug */ = {
			isa = XCBuildConfiguration;
			buildSettings = {
				CODE_SIGN_STYLE = Automatic;
				CURRENT_PROJECT_VERSION = 1;
				GCC_C_LANGUAGE_STANDARD = gnu11;
				GENERATE_INFOPLIST_FILE = YES;
				IPHONEOS_DEPLOYMENT_TARGET = 16.4;
				MACOSX_DEPLOYMENT_TARGET = 13.3;
				MARKETING_VERSION = 1.0;
				PRODUCT_BUNDLE_IDENTIFIER = com.eton.ezew.AlgorithimsTests;
				PRODUCT_NAME = "$(TARGET_NAME)";
				SDKROOT = auto;
				SUPPORTED_PLATFORMS = "iphoneos iphonesimulator macosx";
				SWIFT_ACTIVE_COMPILATION_CONDITIONS = DEBUG;
				SWIFT_EMIT_LOC_STRINGS = NO;
				SWIFT_VERSION = 5.0;
				TARGETED_DEVICE_FAMILY = "1,2";
			};
			name = Debug;
		};
		D98AB1E22B10B778008327DE /* Release */ = {
			isa = XCBuildConfiguration;
			buildSettings = {
				CODE_SIGN_STYLE = Automatic;
				CURRENT_PROJECT_VERSION = 1;
				GCC_C_LANGUAGE_STANDARD = gnu11;
				GENERATE_INFOPLIST_FILE = YES;
				IPHONEOS_DEPLOYMENT_TARGET = 16.4;
				MACOSX_DEPLOYMENT_TARGET = 13.3;
				MARKETING_VERSION = 1.0;
				PRODUCT_BUNDLE_IDENTIFIER = com.eton.ezew.AlgorithimsTests;
				PRODUCT_NAME = "$(TARGET_NAME)";
				SDKROOT = auto;
				SUPPORTED_PLATFORMS = "iphoneos iphonesimulator macosx";
				SWIFT_EMIT_LOC_STRINGS = NO;
				SWIFT_OPTIMIZATION_LEVEL = "-O";
				SWIFT_VERSION = 5.0;
				TARGETED_DEVICE_FAMILY = "1,2";
			};
			name = Release;
		};
		F02B57BE2B10B18700C0EFB9 /* Debug */ = {
			isa = XCBuildConfiguration;
			buildSettings = {
				ALWAYS_SEARCH_USER_PATHS = NO;
				ASSETCATALOG_COMPILER_GENERATE_SWIFT_ASSET_SYMBOL_EXTENSIONS = YES;
				CLANG_ANALYZER_NONNULL = YES;
				CLANG_ANALYZER_NUMBER_OBJECT_CONVERSION = YES_AGGRESSIVE;
				CLANG_CXX_LANGUAGE_STANDARD = "gnu++20";
				CLANG_ENABLE_MODULES = YES;
				CLANG_ENABLE_OBJC_ARC = YES;
				CLANG_ENABLE_OBJC_WEAK = YES;
				CLANG_WARN_BLOCK_CAPTURE_AUTORELEASING = YES;
				CLANG_WARN_BOOL_CONVERSION = YES;
				CLANG_WARN_COMMA = YES;
				CLANG_WARN_CONSTANT_CONVERSION = YES;
				CLANG_WARN_DEPRECATED_OBJC_IMPLEMENTATIONS = YES;
				CLANG_WARN_DIRECT_OBJC_ISA_USAGE = YES_ERROR;
				CLANG_WARN_DOCUMENTATION_COMMENTS = YES;
				CLANG_WARN_EMPTY_BODY = YES;
				CLANG_WARN_ENUM_CONVERSION = YES;
				CLANG_WARN_INFINITE_RECURSION = YES;
				CLANG_WARN_INT_CONVERSION = YES;
				CLANG_WARN_NON_LITERAL_NULL_CONVERSION = YES;
				CLANG_WARN_OBJC_IMPLICIT_RETAIN_SELF = YES;
				CLANG_WARN_OBJC_LITERAL_CONVERSION = YES;
				CLANG_WARN_OBJC_ROOT_CLASS = YES_ERROR;
				CLANG_WARN_QUOTED_INCLUDE_IN_FRAMEWORK_HEADER = YES;
				CLANG_WARN_RANGE_LOOP_ANALYSIS = YES;
				CLANG_WARN_STRICT_PROTOTYPES = YES;
				CLANG_WARN_SUSPICIOUS_MOVE = YES;
				CLANG_WARN_UNGUARDED_AVAILABILITY = YES_AGGRESSIVE;
				CLANG_WARN_UNREACHABLE_CODE = YES;
				CLANG_WARN__DUPLICATE_METHOD_MATCH = YES;
				COPY_PHASE_STRIP = NO;
				DEBUG_INFORMATION_FORMAT = dwarf;
				ENABLE_STRICT_OBJC_MSGSEND = YES;
				ENABLE_TESTABILITY = YES;
				ENABLE_USER_SCRIPT_SANDBOXING = YES;
				GCC_C_LANGUAGE_STANDARD = gnu17;
				GCC_DYNAMIC_NO_PIC = NO;
				GCC_NO_COMMON_BLOCKS = YES;
				GCC_OPTIMIZATION_LEVEL = 0;
				GCC_PREPROCESSOR_DEFINITIONS = (
					"DEBUG=1",
					"$(inherited)",
				);
				GCC_WARN_64_TO_32_BIT_CONVERSION = YES;
				GCC_WARN_ABOUT_RETURN_TYPE = YES_ERROR;
				GCC_WARN_UNDECLARED_SELECTOR = YES;
				GCC_WARN_UNINITIALIZED_AUTOS = YES_AGGRESSIVE;
				GCC_WARN_UNUSED_FUNCTION = YES;
				GCC_WARN_UNUSED_VARIABLE = YES;
				LOCALIZATION_PREFERS_STRING_CATALOGS = YES;
				MACOSX_DEPLOYMENT_TARGET = 14.0;
				MTL_ENABLE_DEBUG_INFO = INCLUDE_SOURCE;
				MTL_FAST_MATH = YES;
				ONLY_ACTIVE_ARCH = YES;
				SDKROOT = macosx;
				SWIFT_ACTIVE_COMPILATION_CONDITIONS = "DEBUG $(inherited)";
				SWIFT_OPTIMIZATION_LEVEL = "-Onone";
			};
			name = Debug;
		};
		F02B57BF2B10B18700C0EFB9 /* Release */ = {
			isa = XCBuildConfiguration;
			buildSettings = {
				ALWAYS_SEARCH_USER_PATHS = NO;
				ASSETCATALOG_COMPILER_GENERATE_SWIFT_ASSET_SYMBOL_EXTENSIONS = YES;
				CLANG_ANALYZER_NONNULL = YES;
				CLANG_ANALYZER_NUMBER_OBJECT_CONVERSION = YES_AGGRESSIVE;
				CLANG_CXX_LANGUAGE_STANDARD = "gnu++20";
				CLANG_ENABLE_MODULES = YES;
				CLANG_ENABLE_OBJC_ARC = YES;
				CLANG_ENABLE_OBJC_WEAK = YES;
				CLANG_WARN_BLOCK_CAPTURE_AUTORELEASING = YES;
				CLANG_WARN_BOOL_CONVERSION = YES;
				CLANG_WARN_COMMA = YES;
				CLANG_WARN_CONSTANT_CONVERSION = YES;
				CLANG_WARN_DEPRECATED_OBJC_IMPLEMENTATIONS = YES;
				CLANG_WARN_DIRECT_OBJC_ISA_USAGE = YES_ERROR;
				CLANG_WARN_DOCUMENTATION_COMMENTS = YES;
				CLANG_WARN_EMPTY_BODY = YES;
				CLANG_WARN_ENUM_CONVERSION = YES;
				CLANG_WARN_INFINITE_RECURSION = YES;
				CLANG_WARN_INT_CONVERSION = YES;
				CLANG_WARN_NON_LITERAL_NULL_CONVERSION = YES;
				CLANG_WARN_OBJC_IMPLICIT_RETAIN_SELF = YES;
				CLANG_WARN_OBJC_LITERAL_CONVERSION = YES;
				CLANG_WARN_OBJC_ROOT_CLASS = YES_ERROR;
				CLANG_WARN_QUOTED_INCLUDE_IN_FRAMEWORK_HEADER = YES;
				CLANG_WARN_RANGE_LOOP_ANALYSIS = YES;
				CLANG_WARN_STRICT_PROTOTYPES = YES;
				CLANG_WARN_SUSPICIOUS_MOVE = YES;
				CLANG_WARN_UNGUARDED_AVAILABILITY = YES_AGGRESSIVE;
				CLANG_WARN_UNREACHABLE_CODE = YES;
				CLANG_WARN__DUPLICATE_METHOD_MATCH = YES;
				COPY_PHASE_STRIP = NO;
				DEBUG_INFORMATION_FORMAT = "dwarf-with-dsym";
				ENABLE_NS_ASSERTIONS = NO;
				ENABLE_STRICT_OBJC_MSGSEND = YES;
				ENABLE_USER_SCRIPT_SANDBOXING = YES;
				GCC_C_LANGUAGE_STANDARD = gnu17;
				GCC_NO_COMMON_BLOCKS = YES;
				GCC_WARN_64_TO_32_BIT_CONVERSION = YES;
				GCC_WARN_ABOUT_RETURN_TYPE = YES_ERROR;
				GCC_WARN_UNDECLARED_SELECTOR = YES;
				GCC_WARN_UNINITIALIZED_AUTOS = YES_AGGRESSIVE;
				GCC_WARN_UNUSED_FUNCTION = YES;
				GCC_WARN_UNUSED_VARIABLE = YES;
				LOCALIZATION_PREFERS_STRING_CATALOGS = YES;
				MACOSX_DEPLOYMENT_TARGET = 14.0;
				MTL_ENABLE_DEBUG_INFO = NO;
				MTL_FAST_MATH = YES;
				SDKROOT = macosx;
				SWIFT_COMPILATION_MODE = wholemodule;
			};
			name = Release;
		};
		F02B57C12B10B18700C0EFB9 /* Debug */ = {
			isa = XCBuildConfiguration;
			buildSettings = {
				CODE_SIGN_STYLE = Automatic;
				MACOSX_DEPLOYMENT_TARGET = 13.3;
				PRODUCT_NAME = "$(TARGET_NAME)";
				SWIFT_VERSION = 5.0;
			};
			name = Debug;
		};
		F02B57C22B10B18700C0EFB9 /* Release */ = {
			isa = XCBuildConfiguration;
			buildSettings = {
				CODE_SIGN_STYLE = Automatic;
				MACOSX_DEPLOYMENT_TARGET = 13.3;
				PRODUCT_NAME = "$(TARGET_NAME)";
				SWIFT_VERSION = 5.0;
			};
			name = Release;
		};
/* End XCBuildConfiguration section */

/* Begin XCConfigurationList section */
		D98AB1E02B10B778008327DE /* Build configuration list for PBXNativeTarget "AlgorithimsTests" */ = {
			isa = XCConfigurationList;
			buildConfigurations = (
				D98AB1E12B10B778008327DE /* Debug */,
				D98AB1E22B10B778008327DE /* Release */,
			);
			defaultConfigurationIsVisible = 0;
			defaultConfigurationName = Release;
		};
		F02B57B42B10B18700C0EFB9 /* Build configuration list for PBXProject "Algorithims" */ = {
			isa = XCConfigurationList;
			buildConfigurations = (
				F02B57BE2B10B18700C0EFB9 /* Debug */,
				F02B57BF2B10B18700C0EFB9 /* Release */,
			);
			defaultConfigurationIsVisible = 0;
			defaultConfigurationName = Release;
		};
		F02B57C02B10B18700C0EFB9 /* Build configuration list for PBXNativeTarget "Algorithims" */ = {
			isa = XCConfigurationList;
			buildConfigurations = (
				F02B57C12B10B18700C0EFB9 /* Debug */,
				F02B57C22B10B18700C0EFB9 /* Release */,
			);
			defaultConfigurationIsVisible = 0;
			defaultConfigurationName = Release;
		};
/* End XCConfigurationList section */
	};
	rootObject = F02B57B12B10B18700C0EFB9 /* Project object */;
}
